# THIS IS AN AUTOGENERATED FILE. DO NOT EDIT THIS FILE DIRECTLY.
# yarn lockfile v1


tachyons-sass@^4.6.2:
  version "4.7.4"
  resolved "https://registry.yarnpkg.com/tachyons-sass/-/tachyons-sass-4.7.4.tgz#47199472f444f1451692ec4509c5da700569ea57"
  dependencies:
    tachyons "^4.7.4"

tachyons@^4.7.4:
  version "4.7.4"
  resolved "https://registry.yarnpkg.com/tachyons/-/tachyons-4.7.4.tgz#eca4ffa15c1f06a357f088c6d0e687fc5f0408cc"
